
Microsoft Visual Studio Solution File, Format Version 12.00
# Visual Studio Version 17
VisualStudioVersion = 17.9.34728.123
MinimumVisualStudioVersion = 10.0.40219.1
Project("{FAE04EC0-301F-11D3-BF4B-00C04F79EFBC}") = "PruebaEjemplo", "PruebaEjemplo\PruebaEjemplo.csproj", "{B532B770-3A27-4D5E-97E5-C5949D7ECEAF}"
EndProject
Global
	GlobalSection(SolutionConfigurationPlatforms) = preSolution
		Debug|Any CPU = Debug|Any CPU
		Release|Any CPU = Release|Any CPU
	EndGlobalSection
	GlobalSection(ProjectConfigurationPlatforms) = postSolution
		{B532B770-3A27-4D5E-97E5-C5949D7ECEAF}.Debug|Any CPU.ActiveCfg = Debug|Any CPU
		{B532B770-3A27-4D5E-97E5-C5949D7ECEAF}.Debug|Any CPU.Build.0 = Debug|Any CPU
		{B532B770-3A27-4D5E-97E5-C5949D7ECEAF}.Release|Any CPU.ActiveCfg = Release|Any CPU
		{B532B770-3A27-4D5E-97E5-C5949D7ECEAF}.Release|Any CPU.Build.0 = Release|Any CPU
	EndGlobalSection
	GlobalSection(SolutionProperties) = preSolution
		HideSolutionNode = FALSE
	EndGlobalSection
	GlobalSection(ExtensibilityGlobals) = postSolution
		SolutionGuid = {CC038BC5-BAF1-45A2-A73F-19F80282ECDF}
	EndGlobalSection
EndGlobal
